
Microsoft Visual Studio Solution File, Format Version 12.00
# Visual Studio Version 16
VisualStudioVersion = 16.0.29911.84
MinimumVisualStudioVersion = 10.0.40219.1
Project("{FAE04EC0-301F-11D3-BF4B-00C04F79EFBC}") = "Praktikmoede", "Praktikmoede\Praktikmoede.csproj", "{CF16B70C-D4AC-4D8C-A134-9781267FD918}"
EndProject
Global
	GlobalSection(SolutionConfigurationPlatforms) = preSolution
		Debug|Any CPU = Debug|Any CPU
		Release|Any CPU = Release|Any CPU
	EndGlobalSection
	GlobalSection(ProjectConfigurationPlatforms) = postSolution
		{CF16B70C-D4AC-4D8C-A134-9781267FD918}.Debug|Any CPU.ActiveCfg = Debug|Any CPU
		{CF16B70C-D4AC-4D8C-A134-9781267FD918}.Debug|Any CPU.Build.0 = Debug|Any CPU
		{CF16B70C-D4AC-4D8C-A134-9781267FD918}.Release|Any CPU.ActiveCfg = Release|Any CPU
		{CF16B70C-D4AC-4D8C-A134-9781267FD918}.Release|Any CPU.Build.0 = Release|Any CPU
	EndGlobalSection
	GlobalSection(SolutionProperties) = preSolution
		HideSolutionNode = FALSE
	EndGlobalSection
	GlobalSection(ExtensibilityGlobals) = postSolution
		SolutionGuid = {95A98C7A-E6A0-4A77-9520-0E8D742F889E}
	EndGlobalSection
EndGlobal
